// !$*UTF8*$!
{
	archiveVersion = 1;
	classes = {
	};
	objectVersion = 55;
	objects = {

/* Begin PBXBuildFile section */
		08B6A19C8BCD75727DAD8188 /* Pods_NOATests.framework in Frameworks */ = {isa = PBXBuildFile; fileRef = B7D77AF13124344D25470DC3 /* Pods_NOATests.framework */; };
		4D33601627E8C8E9007640F7 /* AppDelegate.swift in Sources */ = {isa = PBXBuildFile; fileRef = 4D33601527E8C8E9007640F7 /* AppDelegate.swift */; };
		4D33601827E8C8E9007640F7 /* SceneDelegate.swift in Sources */ = {isa = PBXBuildFile; fileRef = 4D33601727E8C8E9007640F7 /* SceneDelegate.swift */; };
		4D33601A27E8C8E9007640F7 /* HomeViewController.swift in Sources */ = {isa = PBXBuildFile; fileRef = 4D33601927E8C8E9007640F7 /* HomeViewController.swift */; };
		4D33602027E8C8E9007640F7 /* NOA.xcdatamodeld in Sources */ = {isa = PBXBuildFile; fileRef = 4D33601E27E8C8E9007640F7 /* NOA.xcdatamodeld */; };
		4D33602227E8C8EB007640F7 /* Assets.xcassets in Resources */ = {isa = PBXBuildFile; fileRef = 4D33602127E8C8EB007640F7 /* Assets.xcassets */; };
		4D33603027E8C8EB007640F7 /* NOATests.swift in Sources */ = {isa = PBXBuildFile; fileRef = 4D33602F27E8C8EB007640F7 /* NOATests.swift */; };
		4D33603A27E8C8EB007640F7 /* NOAUITests.swift in Sources */ = {isa = PBXBuildFile; fileRef = 4D33603927E8C8EB007640F7 /* NOAUITests.swift */; };
		4D33603C27E8C8EB007640F7 /* NOAUITestsLaunchTests.swift in Sources */ = {isa = PBXBuildFile; fileRef = 4D33603B27E8C8EB007640F7 /* NOAUITestsLaunchTests.swift */; };
		4D6D35532801CC6D0001B18F /* FeedCell.swift in Sources */ = {isa = PBXBuildFile; fileRef = 4D6D35522801CC6D0001B18F /* FeedCell.swift */; };
		4D6D35562801CD080001B18F /* Feed.swift in Sources */ = {isa = PBXBuildFile; fileRef = 4D6D35552801CD080001B18F /* Feed.swift */; };
		4D6D35582801CEA30001B18F /* HomeViewModel.swift in Sources */ = {isa = PBXBuildFile; fileRef = 4D6D35572801CEA30001B18F /* HomeViewModel.swift */; };
		4D77B5582805D26A00C2E90D /* SplashViewModel.swift in Sources */ = {isa = PBXBuildFile; fileRef = 4D77B5572805D26A00C2E90D /* SplashViewModel.swift */; };
		4D77B55A2805D75900C2E90D /* GoogleService-Info.plist in Resources */ = {isa = PBXBuildFile; fileRef = 4D77B5592805D75900C2E90D /* GoogleService-Info.plist */; };
		4D8A2DE528094442007F3EF2 /* ImageLoader.swift in Sources */ = {isa = PBXBuildFile; fileRef = 4D8A2DE428094442007F3EF2 /* ImageLoader.swift */; };
		4D8C47E12806F3A400E667B1 /* DBInfo.swift in Sources */ = {isa = PBXBuildFile; fileRef = 4D8C47E02806F3A400E667B1 /* DBInfo.swift */; };
		4D8C47E32806F57500E667B1 /* Test.swift in Sources */ = {isa = PBXBuildFile; fileRef = 4D8C47E22806F57500E667B1 /* Test.swift */; };
		4D8C47E5280709ED00E667B1 /* UIViewController + Extension.swift in Sources */ = {isa = PBXBuildFile; fileRef = 4D8C47E4280709ED00E667B1 /* UIViewController + Extension.swift */; };
		4D8C47EA2807312400E667B1 /* UIApplication + Extension.swift in Sources */ = {isa = PBXBuildFile; fileRef = 4D8C47E92807312400E667B1 /* UIApplication + Extension.swift */; };
		4DC03D2028069B4900CEE554 /* Feed.json in Resources */ = {isa = PBXBuildFile; fileRef = 4DC03D1F28069B4900CEE554 /* Feed.json */; };
		4DC03D232806A9E500CEE554 /* NotoSansCJKkr-Medium.otf in Resources */ = {isa = PBXBuildFile; fileRef = 4DC03D212806A9E300CEE554 /* NotoSansCJKkr-Medium.otf */; };
		4DC03D242806A9E500CEE554 /* NotoSansCJKkr-Regular.otf in Resources */ = {isa = PBXBuildFile; fileRef = 4DC03D222806A9E500CEE554 /* NotoSansCJKkr-Regular.otf */; };
		4DC03D262806AD0100CEE554 /* APIRequestService.swift in Sources */ = {isa = PBXBuildFile; fileRef = 4DC03D252806AD0100CEE554 /* APIRequestService.swift */; };
		4DC03D2C2806B3F100CEE554 /* ObservableType + Extension.swift in Sources */ = {isa = PBXBuildFile; fileRef = 4DC03D2B2806B3F100CEE554 /* ObservableType + Extension.swift */; };
		4DC03D2F2806B44C00CEE554 /* Inject.swift in Sources */ = {isa = PBXBuildFile; fileRef = 4DC03D2E2806B44C00CEE554 /* Inject.swift */; };
		4DC03D312806B4B100CEE554 /* GlobalAlert.swift in Sources */ = {isa = PBXBuildFile; fileRef = 4DC03D302806B4B100CEE554 /* GlobalAlert.swift */; };
		4DC03D332806B58C00CEE554 /* APIUrlService.swift in Sources */ = {isa = PBXBuildFile; fileRef = 4DC03D322806B58C00CEE554 /* APIUrlService.swift */; };
		4DC03D352806BA6C00CEE554 /* HeaderCommon.swift in Sources */ = {isa = PBXBuildFile; fileRef = 4DC03D342806BA6C00CEE554 /* HeaderCommon.swift */; };
		4DC03D372806BAE500CEE554 /* ReadPList.swift in Sources */ = {isa = PBXBuildFile; fileRef = 4DC03D362806BAE500CEE554 /* ReadPList.swift */; };
		4DC03D392806BB0500CEE554 /* FeedService.swift in Sources */ = {isa = PBXBuildFile; fileRef = 4DC03D382806BB0500CEE554 /* FeedService.swift */; };
		4DC03D3C2806BBCE00CEE554 /* DIContainer.swift in Sources */ = {isa = PBXBuildFile; fileRef = 4DC03D3B2806BBCE00CEE554 /* DIContainer.swift */; };
		4DC03D3E2806BDE100CEE554 /* BaseInterceptor.swift in Sources */ = {isa = PBXBuildFile; fileRef = 4DC03D3D2806BDE100CEE554 /* BaseInterceptor.swift */; };
		4DC03D402806C78600CEE554 /* UserService.swift in Sources */ = {isa = PBXBuildFile; fileRef = 4DC03D3F2806C78600CEE554 /* UserService.swift */; };
		4DC03D422806C82600CEE554 /* User.swift in Sources */ = {isa = PBXBuildFile; fileRef = 4DC03D412806C82600CEE554 /* User.swift */; };
		4DCCD11A28007C330035002A /* SplashViewController.swift in Sources */ = {isa = PBXBuildFile; fileRef = 4DCCD11928007C330035002A /* SplashViewController.swift */; };
		4DCCD12928007E510035002A /* Chat.storyboard in Resources */ = {isa = PBXBuildFile; fileRef = 4DCCD12828007E510035002A /* Chat.storyboard */; };
		4DCCD12B28007E570035002A /* Profile.storyboard in Resources */ = {isa = PBXBuildFile; fileRef = 4DCCD12A28007E570035002A /* Profile.storyboard */; };
		4DCCD12E28007EBA0035002A /* Create.storyboard in Resources */ = {isa = PBXBuildFile; fileRef = 4DCCD12C28007EBA0035002A /* Create.storyboard */; };
		4DCCD13C280080F40035002A /* Main.storyboard in Resources */ = {isa = PBXBuildFile; fileRef = 4DCCD138280080F40035002A /* Main.storyboard */; };
		4DCCD13D280080F40035002A /* Home.storyboard in Resources */ = {isa = PBXBuildFile; fileRef = 4DCCD13A280080F40035002A /* Home.storyboard */; };
		4DCCD143280081EA0035002A /* Feed.storyboard in Resources */ = {isa = PBXBuildFile; fileRef = 4DCCD141280081EA0035002A /* Feed.storyboard */; };
		5F0DE96CB390D9F3E25098CB /* Pods_NOA.framework in Frameworks */ = {isa = PBXBuildFile; fileRef = 3EEFA3EE9D77FAB2EE80F4B7 /* Pods_NOA.framework */; };
		8EB894A07D482B7090C765F8 /* Pods_NOA_NOAUITests.framework in Frameworks */ = {isa = PBXBuildFile; fileRef = 1406363956635FC4E8AAE9D6 /* Pods_NOA_NOAUITests.framework */; };
/* End PBXBuildFile section */

/* Begin PBXContainerItemProxy section */
		4D33602C27E8C8EB007640F7 /* PBXContainerItemProxy */ = {
			isa = PBXContainerItemProxy;
			containerPortal = 4D33600A27E8C8E9007640F7 /* Project object */;
			proxyType = 1;
			remoteGlobalIDString = 4D33601127E8C8E9007640F7;
			remoteInfo = NOA;
		};
		4D33603627E8C8EB007640F7 /* PBXContainerItemProxy */ = {
			isa = PBXContainerItemProxy;
			containerPortal = 4D33600A27E8C8E9007640F7 /* Project object */;
			proxyType = 1;
			remoteGlobalIDString = 4D33601127E8C8E9007640F7;
			remoteInfo = NOA;
		};
/* End PBXContainerItemProxy section */

/* Begin PBXFileReference section */
		1406363956635FC4E8AAE9D6 /* Pods_NOA_NOAUITests.framework */ = {isa = PBXFileReference; explicitFileType = wrapper.framework; includeInIndex = 0; path = Pods_NOA_NOAUITests.framework; sourceTree = BUILT_PRODUCTS_DIR; };
		1762555DAB19CE4273F2D84E /* Pods-NOATests.debug.xcconfig */ = {isa = PBXFileReference; includeInIndex = 1; lastKnownFileType = text.xcconfig; name = "Pods-NOATests.debug.xcconfig"; path = "Target Support Files/Pods-NOATests/Pods-NOATests.debug.xcconfig"; sourceTree = "<group>"; };
		3BD9F11EF320F987635E3D00 /* Pods-NOA.debug.xcconfig */ = {isa = PBXFileReference; includeInIndex = 1; lastKnownFileType = text.xcconfig; name = "Pods-NOA.debug.xcconfig"; path = "Target Support Files/Pods-NOA/Pods-NOA.debug.xcconfig"; sourceTree = "<group>"; };
		3DC7554BA6DD1A2D53679242 /* Pods-NOA-NOAUITests.release.xcconfig */ = {isa = PBXFileReference; includeInIndex = 1; lastKnownFileType = text.xcconfig; name = "Pods-NOA-NOAUITests.release.xcconfig"; path = "Target Support Files/Pods-NOA-NOAUITests/Pods-NOA-NOAUITests.release.xcconfig"; sourceTree = "<group>"; };
		3EEFA3EE9D77FAB2EE80F4B7 /* Pods_NOA.framework */ = {isa = PBXFileReference; explicitFileType = wrapper.framework; includeInIndex = 0; path = Pods_NOA.framework; sourceTree = BUILT_PRODUCTS_DIR; };
		463155DA60952C99D9637A1C /* Pods-NOA.release.xcconfig */ = {isa = PBXFileReference; includeInIndex = 1; lastKnownFileType = text.xcconfig; name = "Pods-NOA.release.xcconfig"; path = "Target Support Files/Pods-NOA/Pods-NOA.release.xcconfig"; sourceTree = "<group>"; };
		4D33601227E8C8E9007640F7 /* NOA.app */ = {isa = PBXFileReference; explicitFileType = wrapper.application; includeInIndex = 0; path = NOA.app; sourceTree = BUILT_PRODUCTS_DIR; };
		4D33601527E8C8E9007640F7 /* AppDelegate.swift */ = {isa = PBXFileReference; lastKnownFileType = sourcecode.swift; path = AppDelegate.swift; sourceTree = "<group>"; };
		4D33601727E8C8E9007640F7 /* SceneDelegate.swift */ = {isa = PBXFileReference; lastKnownFileType = sourcecode.swift; path = SceneDelegate.swift; sourceTree = "<group>"; };
		4D33601927E8C8E9007640F7 /* HomeViewController.swift */ = {isa = PBXFileReference; lastKnownFileType = sourcecode.swift; path = HomeViewController.swift; sourceTree = "<group>"; };
		4D33601F27E8C8E9007640F7 /* NOA.xcdatamodel */ = {isa = PBXFileReference; lastKnownFileType = wrapper.xcdatamodel; path = NOA.xcdatamodel; sourceTree = "<group>"; };
		4D33602127E8C8EB007640F7 /* Assets.xcassets */ = {isa = PBXFileReference; lastKnownFileType = folder.assetcatalog; name = Assets.xcassets; path = ../Assets.xcassets; sourceTree = "<group>"; };
		4D33602627E8C8EB007640F7 /* Info.plist */ = {isa = PBXFileReference; lastKnownFileType = text.plist.xml; path = Info.plist; sourceTree = "<group>"; };
		4D33602B27E8C8EB007640F7 /* NOATests.xctest */ = {isa = PBXFileReference; explicitFileType = wrapper.cfbundle; includeInIndex = 0; path = NOATests.xctest; sourceTree = BUILT_PRODUCTS_DIR; };
		4D33602F27E8C8EB007640F7 /* NOATests.swift */ = {isa = PBXFileReference; lastKnownFileType = sourcecode.swift; path = NOATests.swift; sourceTree = "<group>"; };
		4D33603527E8C8EB007640F7 /* NOAUITests.xctest */ = {isa = PBXFileReference; explicitFileType = wrapper.cfbundle; includeInIndex = 0; path = NOAUITests.xctest; sourceTree = BUILT_PRODUCTS_DIR; };
		4D33603927E8C8EB007640F7 /* NOAUITests.swift */ = {isa = PBXFileReference; lastKnownFileType = sourcecode.swift; path = NOAUITests.swift; sourceTree = "<group>"; };
		4D33603B27E8C8EB007640F7 /* NOAUITestsLaunchTests.swift */ = {isa = PBXFileReference; lastKnownFileType = sourcecode.swift; path = NOAUITestsLaunchTests.swift; sourceTree = "<group>"; };
		4D6D35522801CC6D0001B18F /* FeedCell.swift */ = {isa = PBXFileReference; lastKnownFileType = sourcecode.swift; path = FeedCell.swift; sourceTree = "<group>"; };
		4D6D35552801CD080001B18F /* Feed.swift */ = {isa = PBXFileReference; lastKnownFileType = sourcecode.swift; path = Feed.swift; sourceTree = "<group>"; };
		4D6D35572801CEA30001B18F /* HomeViewModel.swift */ = {isa = PBXFileReference; lastKnownFileType = sourcecode.swift; path = HomeViewModel.swift; sourceTree = "<group>"; };
		4D77B5572805D26A00C2E90D /* SplashViewModel.swift */ = {isa = PBXFileReference; lastKnownFileType = sourcecode.swift; path = SplashViewModel.swift; sourceTree = "<group>"; };
		4D77B5592805D75900C2E90D /* GoogleService-Info.plist */ = {isa = PBXFileReference; lastKnownFileType = text.plist; path = "GoogleService-Info.plist"; sourceTree = SOURCE_ROOT; };
		4D8A2DE428094442007F3EF2 /* ImageLoader.swift */ = {isa = PBXFileReference; lastKnownFileType = sourcecode.swift; path = ImageLoader.swift; sourceTree = "<group>"; };
		4D8C47E02806F3A400E667B1 /* DBInfo.swift */ = {isa = PBXFileReference; lastKnownFileType = sourcecode.swift; path = DBInfo.swift; sourceTree = "<group>"; };
		4D8C47E22806F57500E667B1 /* Test.swift */ = {isa = PBXFileReference; lastKnownFileType = sourcecode.swift; path = Test.swift; sourceTree = "<group>"; };
		4D8C47E4280709ED00E667B1 /* UIViewController + Extension.swift */ = {isa = PBXFileReference; lastKnownFileType = sourcecode.swift; path = "UIViewController + Extension.swift"; sourceTree = "<group>"; };
		4D8C47E92807312400E667B1 /* UIApplication + Extension.swift */ = {isa = PBXFileReference; lastKnownFileType = sourcecode.swift; path = "UIApplication + Extension.swift"; sourceTree = "<group>"; };
		4DC03D1F28069B4900CEE554 /* Feed.json */ = {isa = PBXFileReference; lastKnownFileType = text.json; path = Feed.json; sourceTree = "<group>"; };
		4DC03D212806A9E300CEE554 /* NotoSansCJKkr-Medium.otf */ = {isa = PBXFileReference; lastKnownFileType = file; path = "NotoSansCJKkr-Medium.otf"; sourceTree = "<group>"; };
		4DC03D222806A9E500CEE554 /* NotoSansCJKkr-Regular.otf */ = {isa = PBXFileReference; lastKnownFileType = file; path = "NotoSansCJKkr-Regular.otf"; sourceTree = "<group>"; };
		4DC03D252806AD0100CEE554 /* APIRequestService.swift */ = {isa = PBXFileReference; lastKnownFileType = sourcecode.swift; path = APIRequestService.swift; sourceTree = "<group>"; };
		4DC03D2B2806B3F100CEE554 /* ObservableType + Extension.swift */ = {isa = PBXFileReference; lastKnownFileType = sourcecode.swift; path = "ObservableType + Extension.swift"; sourceTree = "<group>"; };
		4DC03D2E2806B44C00CEE554 /* Inject.swift */ = {isa = PBXFileReference; lastKnownFileType = sourcecode.swift; path = Inject.swift; sourceTree = "<group>"; };
		4DC03D302806B4B100CEE554 /* GlobalAlert.swift */ = {isa = PBXFileReference; lastKnownFileType = sourcecode.swift; path = GlobalAlert.swift; sourceTree = "<group>"; };
		4DC03D322806B58C00CEE554 /* APIUrlService.swift */ = {isa = PBXFileReference; lastKnownFileType = sourcecode.swift; path = APIUrlService.swift; sourceTree = "<group>"; };
		4DC03D342806BA6C00CEE554 /* HeaderCommon.swift */ = {isa = PBXFileReference; lastKnownFileType = sourcecode.swift; path = HeaderCommon.swift; sourceTree = "<group>"; };
		4DC03D362806BAE500CEE554 /* ReadPList.swift */ = {isa = PBXFileReference; lastKnownFileType = sourcecode.swift; path = ReadPList.swift; sourceTree = "<group>"; };
		4DC03D382806BB0500CEE554 /* FeedService.swift */ = {isa = PBXFileReference; lastKnownFileType = sourcecode.swift; path = FeedService.swift; sourceTree = "<group>"; };
		4DC03D3B2806BBCE00CEE554 /* DIContainer.swift */ = {isa = PBXFileReference; lastKnownFileType = sourcecode.swift; path = DIContainer.swift; sourceTree = "<group>"; };
		4DC03D3D2806BDE100CEE554 /* BaseInterceptor.swift */ = {isa = PBXFileReference; lastKnownFileType = sourcecode.swift; path = BaseInterceptor.swift; sourceTree = "<group>"; };
		4DC03D3F2806C78600CEE554 /* UserService.swift */ = {isa = PBXFileReference; lastKnownFileType = sourcecode.swift; path = UserService.swift; sourceTree = "<group>"; };
		4DC03D412806C82600CEE554 /* User.swift */ = {isa = PBXFileReference; lastKnownFileType = sourcecode.swift; path = User.swift; sourceTree = "<group>"; };
		4DCCD11928007C330035002A /* SplashViewController.swift */ = {isa = PBXFileReference; lastKnownFileType = sourcecode.swift; path = SplashViewController.swift; sourceTree = "<group>"; };
		4DCCD12828007E510035002A /* Chat.storyboard */ = {isa = PBXFileReference; lastKnownFileType = file.storyboard; path = Chat.storyboard; sourceTree = "<group>"; };
		4DCCD12A28007E570035002A /* Profile.storyboard */ = {isa = PBXFileReference; lastKnownFileType = file.storyboard; path = Profile.storyboard; sourceTree = "<group>"; };
		4DCCD12D28007EBA0035002A /* Base */ = {isa = PBXFileReference; lastKnownFileType = file.storyboard; name = Base; path = Create.storyboard; sourceTree = "<group>"; };
		4DCCD139280080F40035002A /* Base */ = {isa = PBXFileReference; lastKnownFileType = file.storyboard; name = Base; path = Main.storyboard; sourceTree = "<group>"; };
		4DCCD13B280080F40035002A /* Base */ = {isa = PBXFileReference; lastKnownFileType = file.storyboard; name = Base; path = Home.storyboard; sourceTree = "<group>"; };
		4DCCD142280081EA0035002A /* Base */ = {isa = PBXFileReference; lastKnownFileType = file.storyboard; name = Base; path = Feed.storyboard; sourceTree = "<group>"; };
		B7D77AF13124344D25470DC3 /* Pods_NOATests.framework */ = {isa = PBXFileReference; explicitFileType = wrapper.framework; includeInIndex = 0; path = Pods_NOATests.framework; sourceTree = BUILT_PRODUCTS_DIR; };
		D784DC834A5849DE441B8E9E /* Pods-NOA-NOAUITests.debug.xcconfig */ = {isa = PBXFileReference; includeInIndex = 1; lastKnownFileType = text.xcconfig; name = "Pods-NOA-NOAUITests.debug.xcconfig"; path = "Target Support Files/Pods-NOA-NOAUITests/Pods-NOA-NOAUITests.debug.xcconfig"; sourceTree = "<group>"; };
		E3CC7C966B3D14D3E20BFAA5 /* Pods-NOATests.release.xcconfig */ = {isa = PBXFileReference; includeInIndex = 1; lastKnownFileType = text.xcconfig; name = "Pods-NOATests.release.xcconfig"; path = "Target Support Files/Pods-NOATests/Pods-NOATests.release.xcconfig"; sourceTree = "<group>"; };
/* End PBXFileReference section */

/* Begin PBXFrameworksBuildPhase section */
		4D33600F27E8C8E9007640F7 /* Frameworks */ = {
			isa = PBXFrameworksBuildPhase;
			buildActionMask = 2147483647;
			files = (
				5F0DE96CB390D9F3E25098CB /* Pods_NOA.framework in Frameworks */,
			);
			runOnlyForDeploymentPostprocessing = 0;
		};
		4D33602827E8C8EB007640F7 /* Frameworks */ = {
			isa = PBXFrameworksBuildPhase;
			buildActionMask = 2147483647;
			files = (
				08B6A19C8BCD75727DAD8188 /* Pods_NOATests.framework in Frameworks */,
			);
			runOnlyForDeploymentPostprocessing = 0;
		};
		4D33603227E8C8EB007640F7 /* Frameworks */ = {
			isa = PBXFrameworksBuildPhase;
			buildActionMask = 2147483647;
			files = (
				8EB894A07D482B7090C765F8 /* Pods_NOA_NOAUITests.framework in Frameworks */,
			);
			runOnlyForDeploymentPostprocessing = 0;
		};
/* End PBXFrameworksBuildPhase section */

/* Begin PBXGroup section */
		4D33600927E8C8E9007640F7 = {
			isa = PBXGroup;
			children = (
				4D33601427E8C8E9007640F7 /* NOA */,
				4D33602E27E8C8EB007640F7 /* NOATests */,
				4D33603827E8C8EB007640F7 /* NOAUITests */,
				4D33601327E8C8E9007640F7 /* Products */,
				F826EE2BBC326A9E8305AC1C /* Pods */,
				6F8A2B277EE3E57E7906C568 /* Frameworks */,
			);
			sourceTree = "<group>";
		};
		4D33601327E8C8E9007640F7 /* Products */ = {
			isa = PBXGroup;
			children = (
				4D33601227E8C8E9007640F7 /* NOA.app */,
				4D33602B27E8C8EB007640F7 /* NOATests.xctest */,
				4D33603527E8C8EB007640F7 /* NOAUITests.xctest */,
			);
			name = Products;
			sourceTree = "<group>";
		};
		4D33601427E8C8E9007640F7 /* NOA */ = {
			isa = PBXGroup;
			children = (
				4D8C47DF2806F37C00E667B1 /* Repositories */,
				4DC03D3A2806BBC300CEE554 /* DI */,
				4DC03D1E28069B2D00CEE554 /* Json */,
				4DCCD11728007B0F0035002A /* Services */,
				4DCCD11628007B080035002A /* Utiles */,
				4DCCD11528007AFD0035002A /* Fonts */,
				4DCCD11428007AF80035002A /* Models */,
				4DCCD11328007A7F0035002A /* ViewModels */,
				4DCCD11228007A5D0035002A /* ViewControllers */,
				4DCCD11828007B1D0035002A /* Resources */,
				4DC03D2A2806B3C500CEE554 /* Extension */,
				4DC03D2D2806B43400CEE554 /* PropertyWrapper */,
				4D33601527E8C8E9007640F7 /* AppDelegate.swift */,
				4D33601727E8C8E9007640F7 /* SceneDelegate.swift */,
				4D33602627E8C8EB007640F7 /* Info.plist */,
				4D33601E27E8C8E9007640F7 /* NOA.xcdatamodeld */,
			);
			path = NOA;
			sourceTree = "<group>";
		};
		4D33602E27E8C8EB007640F7 /* NOATests */ = {
			isa = PBXGroup;
			children = (
				4D33602F27E8C8EB007640F7 /* NOATests.swift */,
			);
			path = NOATests;
			sourceTree = "<group>";
		};
		4D33603827E8C8EB007640F7 /* NOAUITests */ = {
			isa = PBXGroup;
			children = (
				4D33603927E8C8EB007640F7 /* NOAUITests.swift */,
				4D33603B27E8C8EB007640F7 /* NOAUITestsLaunchTests.swift */,
			);
			path = NOAUITests;
			sourceTree = "<group>";
		};
		4D6D35542801CC760001B18F /* Cells */ = {
			isa = PBXGroup;
			children = (
				4D6D35522801CC6D0001B18F /* FeedCell.swift */,
			);
			path = Cells;
			sourceTree = "<group>";
		};
		4D8C47DF2806F37C00E667B1 /* Repositories */ = {
			isa = PBXGroup;
			children = (
				4D8C47E02806F3A400E667B1 /* DBInfo.swift */,
			);
			path = Repositories;
			sourceTree = "<group>";
		};
		4DC03D1E28069B2D00CEE554 /* Json */ = {
			isa = PBXGroup;
			children = (
				4DC03D1F28069B4900CEE554 /* Feed.json */,
			);
			path = Json;
			sourceTree = "<group>";
		};
		4DC03D2A2806B3C500CEE554 /* Extension */ = {
			isa = PBXGroup;
			children = (
				4DC03D2B2806B3F100CEE554 /* ObservableType + Extension.swift */,
				4D8C47E4280709ED00E667B1 /* UIViewController + Extension.swift */,
				4D8C47E92807312400E667B1 /* UIApplication + Extension.swift */,
			);
			path = Extension;
			sourceTree = "<group>";
		};
		4DC03D2D2806B43400CEE554 /* PropertyWrapper */ = {
			isa = PBXGroup;
			children = (
				4DC03D2E2806B44C00CEE554 /* Inject.swift */,
			);
			path = PropertyWrapper;
			sourceTree = "<group>";
		};
		4DC03D3A2806BBC300CEE554 /* DI */ = {
			isa = PBXGroup;
			children = (
				4DC03D3B2806BBCE00CEE554 /* DIContainer.swift */,
			);
			path = DI;
			sourceTree = "<group>";
		};
		4DCCD11228007A5D0035002A /* ViewControllers */ = {
			isa = PBXGroup;
			children = (
				4D6D35542801CC760001B18F /* Cells */,
				4DCCD14A280084E10035002A /* Splash */,
				4DCCD144280084AD0035002A /* Home */,
				4DCCD148280084C80035002A /* Feed */,
				4DCCD147280084C00035002A /* Create */,
				4DCCD146280084BB0035002A /* Chat */,
				4DCCD145280084B20035002A /* Profile */,
			);
			path = ViewControllers;
			sourceTree = "<group>";
		};
		4DCCD11328007A7F0035002A /* ViewModels */ = {
			isa = PBXGroup;
			children = (
				4D77B5572805D26A00C2E90D /* SplashViewModel.swift */,
				4D6D35572801CEA30001B18F /* HomeViewModel.swift */,
			);
			path = ViewModels;
			sourceTree = "<group>";
		};
		4DCCD11428007AF80035002A /* Models */ = {
			isa = PBXGroup;
			children = (
				4D6D35552801CD080001B18F /* Feed.swift */,
				4DC03D412806C82600CEE554 /* User.swift */,
				4D8C47E22806F57500E667B1 /* Test.swift */,
			);
			path = Models;
			sourceTree = "<group>";
		};
		4DCCD11528007AFD0035002A /* Fonts */ = {
			isa = PBXGroup;
			children = (
				4DC03D212806A9E300CEE554 /* NotoSansCJKkr-Medium.otf */,
				4DC03D222806A9E500CEE554 /* NotoSansCJKkr-Regular.otf */,
			);
			path = Fonts;
			sourceTree = "<group>";
		};
		4DCCD11628007B080035002A /* Utiles */ = {
			isa = PBXGroup;
			children = (
				4DC03D302806B4B100CEE554 /* GlobalAlert.swift */,
				4DC03D362806BAE500CEE554 /* ReadPList.swift */,
			);
			path = Utiles;
			sourceTree = "<group>";
		};
		4DCCD11728007B0F0035002A /* Services */ = {
			isa = PBXGroup;
			children = (
				4DC03D252806AD0100CEE554 /* APIRequestService.swift */,
				4DC03D3D2806BDE100CEE554 /* BaseInterceptor.swift */,
				4DC03D342806BA6C00CEE554 /* HeaderCommon.swift */,
				4DC03D322806B58C00CEE554 /* APIUrlService.swift */,
				4D8A2DE428094442007F3EF2 /* ImageLoader.swift */,
				4DC03D3F2806C78600CEE554 /* UserService.swift */,
				4DC03D382806BB0500CEE554 /* FeedService.swift */,
			);
			path = Services;
			sourceTree = "<group>";
		};
		4DCCD11828007B1D0035002A /* Resources */ = {
			isa = PBXGroup;
			children = (
				4DCCD138280080F40035002A /* Main.storyboard */,
				4DCCD13A280080F40035002A /* Home.storyboard */,
				4DCCD141280081EA0035002A /* Feed.storyboard */,
				4DCCD12C28007EBA0035002A /* Create.storyboard */,
				4DCCD12828007E510035002A /* Chat.storyboard */,
				4DCCD12A28007E570035002A /* Profile.storyboard */,
				4D33602127E8C8EB007640F7 /* Assets.xcassets */,
				4D77B5592805D75900C2E90D /* GoogleService-Info.plist */,
			);
			name = Resources;
			path = Resources/Base.lproj;
			sourceTree = "<group>";
		};
		4DCCD144280084AD0035002A /* Home */ = {
			isa = PBXGroup;
			children = (
				4D33601927E8C8E9007640F7 /* HomeViewController.swift */,
			);
			path = Home;
			sourceTree = "<group>";
		};
		4DCCD145280084B20035002A /* Profile */ = {
			isa = PBXGroup;
			children = (
			);
			path = Profile;
			sourceTree = "<group>";
		};
		4DCCD146280084BB0035002A /* Chat */ = {
			isa = PBXGroup;
			children = (
			);
			path = Chat;
			sourceTree = "<group>";
		};
		4DCCD147280084C00035002A /* Create */ = {
			isa = PBXGroup;
			children = (
			);
			path = Create;
			sourceTree = "<group>";
		};
		4DCCD148280084C80035002A /* Feed */ = {
			isa = PBXGroup;
			children = (
			);
			path = Feed;
			sourceTree = "<group>";
		};
		4DCCD14A280084E10035002A /* Splash */ = {
			isa = PBXGroup;
			children = (
				4DCCD11928007C330035002A /* SplashViewController.swift */,
			);
			path = Splash;
			sourceTree = "<group>";
		};
		6F8A2B277EE3E57E7906C568 /* Frameworks */ = {
			isa = PBXGroup;
			children = (
				3EEFA3EE9D77FAB2EE80F4B7 /* Pods_NOA.framework */,
				1406363956635FC4E8AAE9D6 /* Pods_NOA_NOAUITests.framework */,
				B7D77AF13124344D25470DC3 /* Pods_NOATests.framework */,
			);
			name = Frameworks;
			sourceTree = "<group>";
		};
		F826EE2BBC326A9E8305AC1C /* Pods */ = {
			isa = PBXGroup;
			children = (
				3BD9F11EF320F987635E3D00 /* Pods-NOA.debug.xcconfig */,
				463155DA60952C99D9637A1C /* Pods-NOA.release.xcconfig */,
				D784DC834A5849DE441B8E9E /* Pods-NOA-NOAUITests.debug.xcconfig */,
				3DC7554BA6DD1A2D53679242 /* Pods-NOA-NOAUITests.release.xcconfig */,
				1762555DAB19CE4273F2D84E /* Pods-NOATests.debug.xcconfig */,
				E3CC7C966B3D14D3E20BFAA5 /* Pods-NOATests.release.xcconfig */,
			);
			path = Pods;
			sourceTree = "<group>";
		};
/* End PBXGroup section */

/* Begin PBXNativeTarget section */
		4D33601127E8C8E9007640F7 /* NOA */ = {
			isa = PBXNativeTarget;
			buildConfigurationList = 4D33603F27E8C8EB007640F7 /* Build configuration list for PBXNativeTarget "NOA" */;
			buildPhases = (
				CF6A330E24AFE71C7D77BF72 /* [CP] Check Pods Manifest.lock */,
				4D33600E27E8C8E9007640F7 /* Sources */,
				4D33600F27E8C8E9007640F7 /* Frameworks */,
				4D33601027E8C8E9007640F7 /* Resources */,
				9E23D87142AE6A2B6F0750DE /* [CP] Embed Pods Frameworks */,
			);
			buildRules = (
			);
			dependencies = (
			);
			name = NOA;
			productName = NOA;
			productReference = 4D33601227E8C8E9007640F7 /* NOA.app */;
			productType = "com.apple.product-type.application";
		};
		4D33602A27E8C8EB007640F7 /* NOATests */ = {
			isa = PBXNativeTarget;
			buildConfigurationList = 4D33604227E8C8EB007640F7 /* Build configuration list for PBXNativeTarget "NOATests" */;
			buildPhases = (
				4E62027497D09A6FC9F58A15 /* [CP] Check Pods Manifest.lock */,
				4D33602727E8C8EB007640F7 /* Sources */,
				4D33602827E8C8EB007640F7 /* Frameworks */,
				4D33602927E8C8EB007640F7 /* Resources */,
			);
			buildRules = (
			);
			dependencies = (
				4D33602D27E8C8EB007640F7 /* PBXTargetDependency */,
			);
			name = NOATests;
			productName = NOATests;
			productReference = 4D33602B27E8C8EB007640F7 /* NOATests.xctest */;
			productType = "com.apple.product-type.bundle.unit-test";
		};
		4D33603427E8C8EB007640F7 /* NOAUITests */ = {
			isa = PBXNativeTarget;
			buildConfigurationList = 4D33604527E8C8EB007640F7 /* Build configuration list for PBXNativeTarget "NOAUITests" */;
			buildPhases = (
				ED7F29FAE0EFECED32448E30 /* [CP] Check Pods Manifest.lock */,
				4D33603127E8C8EB007640F7 /* Sources */,
				4D33603227E8C8EB007640F7 /* Frameworks */,
				4D33603327E8C8EB007640F7 /* Resources */,
				B0166D8AAA8FE2C36FECD628 /* [CP] Embed Pods Frameworks */,
			);
			buildRules = (
			);
			dependencies = (
				4D33603727E8C8EB007640F7 /* PBXTargetDependency */,
			);
			name = NOAUITests;
			productName = NOAUITests;
			productReference = 4D33603527E8C8EB007640F7 /* NOAUITests.xctest */;
			productType = "com.apple.product-type.bundle.ui-testing";
		};
/* End PBXNativeTarget section */

/* Begin PBXProject section */
		4D33600A27E8C8E9007640F7 /* Project object */ = {
			isa = PBXProject;
			attributes = {
				BuildIndependentTargetsInParallel = 1;
				LastSwiftUpdateCheck = 1310;
				LastUpgradeCheck = 1310;
				TargetAttributes = {
					4D33601127E8C8E9007640F7 = {
						CreatedOnToolsVersion = 13.1;
					};
					4D33602A27E8C8EB007640F7 = {
						CreatedOnToolsVersion = 13.1;
						TestTargetID = 4D33601127E8C8E9007640F7;
					};
					4D33603427E8C8EB007640F7 = {
						CreatedOnToolsVersion = 13.1;
						TestTargetID = 4D33601127E8C8E9007640F7;
					};
				};
			};
			buildConfigurationList = 4D33600D27E8C8E9007640F7 /* Build configuration list for PBXProject "NOA" */;
			compatibilityVersion = "Xcode 13.0";
			developmentRegion = en;
			hasScannedForEncodings = 0;
			knownRegions = (
				en,
				Base,
			);
			mainGroup = 4D33600927E8C8E9007640F7;
			productRefGroup = 4D33601327E8C8E9007640F7 /* Products */;
			projectDirPath = "";
			projectRoot = "";
			targets = (
				4D33601127E8C8E9007640F7 /* NOA */,
				4D33602A27E8C8EB007640F7 /* NOATests */,
				4D33603427E8C8EB007640F7 /* NOAUITests */,
			);
		};
/* End PBXProject section */

/* Begin PBXResourcesBuildPhase section */
		4D33601027E8C8E9007640F7 /* Resources */ = {
			isa = PBXResourcesBuildPhase;
			buildActionMask = 2147483647;
			files = (
				4DCCD12928007E510035002A /* Chat.storyboard in Resources */,
				4D77B55A2805D75900C2E90D /* GoogleService-Info.plist in Resources */,
				4DCCD143280081EA0035002A /* Feed.storyboard in Resources */,
				4DCCD13D280080F40035002A /* Home.storyboard in Resources */,
				4DCCD12B28007E570035002A /* Profile.storyboard in Resources */,
				4DC03D2028069B4900CEE554 /* Feed.json in Resources */,
				4DCCD12E28007EBA0035002A /* Create.storyboard in Resources */,
				4DCCD13C280080F40035002A /* Main.storyboard in Resources */,
				4D33602227E8C8EB007640F7 /* Assets.xcassets in Resources */,
				4DC03D232806A9E500CEE554 /* NotoSansCJKkr-Medium.otf in Resources */,
				4DC03D242806A9E500CEE554 /* NotoSansCJKkr-Regular.otf in Resources */,
			);
			runOnlyForDeploymentPostprocessing = 0;
		};
		4D33602927E8C8EB007640F7 /* Resources */ = {
			isa = PBXResourcesBuildPhase;
			buildActionMask = 2147483647;
			files = (
			);
			runOnlyForDeploymentPostprocessing = 0;
		};
		4D33603327E8C8EB007640F7 /* Resources */ = {
			isa = PBXResourcesBuildPhase;
			buildActionMask = 2147483647;
			files = (
			);
			runOnlyForDeploymentPostprocessing = 0;
		};
/* End PBXResourcesBuildPhase section */

/* Begin PBXShellScriptBuildPhase section */
		4E62027497D09A6FC9F58A15 /* [CP] Check Pods Manifest.lock */ = {
			isa = PBXShellScriptBuildPhase;
			buildActionMask = 2147483647;
			files = (
			);
			inputFileListPaths = (
			);
			inputPaths = (
				"${PODS_PODFILE_DIR_PATH}/Podfile.lock",
				"${PODS_ROOT}/Manifest.lock",
			);
			name = "[CP] Check Pods Manifest.lock";
			outputFileListPaths = (
			);
			outputPaths = (
				"$(DERIVED_FILE_DIR)/Pods-NOATests-checkManifestLockResult.txt",
			);
			runOnlyForDeploymentPostprocessing = 0;
			shellPath = /bin/sh;
			shellScript = "diff \"${PODS_PODFILE_DIR_PATH}/Podfile.lock\" \"${PODS_ROOT}/Manifest.lock\" > /dev/null\nif [ $? != 0 ] ; then\n    # print error to STDERR\n    echo \"error: The sandbox is not in sync with the Podfile.lock. Run 'pod install' or update your CocoaPods installation.\" >&2\n    exit 1\nfi\n# This output is used by Xcode 'outputs' to avoid re-running this script phase.\necho \"SUCCESS\" > \"${SCRIPT_OUTPUT_FILE_0}\"\n";
			showEnvVarsInLog = 0;
		};
		9E23D87142AE6A2B6F0750DE /* [CP] Embed Pods Frameworks */ = {
			isa = PBXShellScriptBuildPhase;
			buildActionMask = 2147483647;
			files = (
			);
			inputFileListPaths = (
				"${PODS_ROOT}/Target Support Files/Pods-NOA/Pods-NOA-frameworks-${CONFIGURATION}-input-files.xcfilelist",
			);
			name = "[CP] Embed Pods Frameworks";
			outputFileListPaths = (
				"${PODS_ROOT}/Target Support Files/Pods-NOA/Pods-NOA-frameworks-${CONFIGURATION}-output-files.xcfilelist",
			);
			runOnlyForDeploymentPostprocessing = 0;
			shellPath = /bin/sh;
			shellScript = "\"${PODS_ROOT}/Target Support Files/Pods-NOA/Pods-NOA-frameworks.sh\"\n";
			showEnvVarsInLog = 0;
		};
		B0166D8AAA8FE2C36FECD628 /* [CP] Embed Pods Frameworks */ = {
			isa = PBXShellScriptBuildPhase;
			buildActionMask = 2147483647;
			files = (
			);
			inputFileListPaths = (
				"${PODS_ROOT}/Target Support Files/Pods-NOA-NOAUITests/Pods-NOA-NOAUITests-frameworks-${CONFIGURATION}-input-files.xcfilelist",
			);
			name = "[CP] Embed Pods Frameworks";
			outputFileListPaths = (
				"${PODS_ROOT}/Target Support Files/Pods-NOA-NOAUITests/Pods-NOA-NOAUITests-frameworks-${CONFIGURATION}-output-files.xcfilelist",
			);
			runOnlyForDeploymentPostprocessing = 0;
			shellPath = /bin/sh;
			shellScript = "\"${PODS_ROOT}/Target Support Files/Pods-NOA-NOAUITests/Pods-NOA-NOAUITests-frameworks.sh\"\n";
			showEnvVarsInLog = 0;
		};
		CF6A330E24AFE71C7D77BF72 /* [CP] Check Pods Manifest.lock */ = {
			isa = PBXShellScriptBuildPhase;
			buildActionMask = 2147483647;
			files = (
			);
			inputFileListPaths = (
			);
			inputPaths = (
				"${PODS_PODFILE_DIR_PATH}/Podfile.lock",
				"${PODS_ROOT}/Manifest.lock",
			);
			name = "[CP] Check Pods Manifest.lock";
			outputFileListPaths = (
			);
			outputPaths = (
				"$(DERIVED_FILE_DIR)/Pods-NOA-checkManifestLockResult.txt",
			);
			runOnlyForDeploymentPostprocessing = 0;
			shellPath = /bin/sh;
			shellScript = "diff \"${PODS_PODFILE_DIR_PATH}/Podfile.lock\" \"${PODS_ROOT}/Manifest.lock\" > /dev/null\nif [ $? != 0 ] ; then\n    # print error to STDERR\n    echo \"error: The sandbox is not in sync with the Podfile.lock. Run 'pod install' or update your CocoaPods installation.\" >&2\n    exit 1\nfi\n# This output is used by Xcode 'outputs' to avoid re-running this script phase.\necho \"SUCCESS\" > \"${SCRIPT_OUTPUT_FILE_0}\"\n";
			showEnvVarsInLog = 0;
		};
		ED7F29FAE0EFECED32448E30 /* [CP] Check Pods Manifest.lock */ = {
			isa = PBXShellScriptBuildPhase;
			buildActionMask = 2147483647;
			files = (
			);
			inputFileListPaths = (
			);
			inputPaths = (
				"${PODS_PODFILE_DIR_PATH}/Podfile.lock",
				"${PODS_ROOT}/Manifest.lock",
			);
			name = "[CP] Check Pods Manifest.lock";
			outputFileListPaths = (
			);
			outputPaths = (
				"$(DERIVED_FILE_DIR)/Pods-NOA-NOAUITests-checkManifestLockResult.txt",
			);
			runOnlyForDeploymentPostprocessing = 0;
			shellPath = /bin/sh;
			shellScript = "diff \"${PODS_PODFILE_DIR_PATH}/Podfile.lock\" \"${PODS_ROOT}/Manifest.lock\" > /dev/null\nif [ $? != 0 ] ; then\n    # print error to STDERR\n    echo \"error: The sandbox is not in sync with the Podfile.lock. Run 'pod install' or update your CocoaPods installation.\" >&2\n    exit 1\nfi\n# This output is used by Xcode 'outputs' to avoid re-running this script phase.\necho \"SUCCESS\" > \"${SCRIPT_OUTPUT_FILE_0}\"\n";
			showEnvVarsInLog = 0;
		};
/* End PBXShellScriptBuildPhase section */

/* Begin PBXSourcesBuildPhase section */
		4D33600E27E8C8E9007640F7 /* Sources */ = {
			isa = PBXSourcesBuildPhase;
			buildActionMask = 2147483647;
			files = (
				4D33601A27E8C8E9007640F7 /* HomeViewController.swift in Sources */,
				4D8A2DE528094442007F3EF2 /* ImageLoader.swift in Sources */,
				4DC03D332806B58C00CEE554 /* APIUrlService.swift in Sources */,
				4D33601627E8C8E9007640F7 /* AppDelegate.swift in Sources */,
				4D33602027E8C8E9007640F7 /* NOA.xcdatamodeld in Sources */,
				4DC03D2F2806B44C00CEE554 /* Inject.swift in Sources */,
				4DC03D3E2806BDE100CEE554 /* BaseInterceptor.swift in Sources */,
				4D77B5582805D26A00C2E90D /* SplashViewModel.swift in Sources */,
				4DC03D372806BAE500CEE554 /* ReadPList.swift in Sources */,
				4D6D35582801CEA30001B18F /* HomeViewModel.swift in Sources */,
				4D8C47EA2807312400E667B1 /* UIApplication + Extension.swift in Sources */,
				4DC03D312806B4B100CEE554 /* GlobalAlert.swift in Sources */,
				4D8C47E5280709ED00E667B1 /* UIViewController + Extension.swift in Sources */,
				4DC03D2C2806B3F100CEE554 /* ObservableType + Extension.swift in Sources */,
				4D8C47E12806F3A400E667B1 /* DBInfo.swift in Sources */,
				4D6D35562801CD080001B18F /* Feed.swift in Sources */,
				4DC03D262806AD0100CEE554 /* APIRequestService.swift in Sources */,
				4D33601827E8C8E9007640F7 /* SceneDelegate.swift in Sources */,
				4D8C47E32806F57500E667B1 /* Test.swift in Sources */,
				4DCCD11A28007C330035002A /* SplashViewController.swift in Sources */,
				4D6D35532801CC6D0001B18F /* FeedCell.swift in Sources */,
				4DC03D402806C78600CEE554 /* UserService.swift in Sources */,
				4DC03D352806BA6C00CEE554 /* HeaderCommon.swift in Sources */,
				4DC03D3C2806BBCE00CEE554 /* DIContainer.swift in Sources */,
				4DC03D392806BB0500CEE554 /* FeedService.swift in Sources */,
				4DC03D422806C82600CEE554 /* User.swift in Sources */,
			);
			runOnlyForDeploymentPostprocessing = 0;
		};
		4D33602727E8C8EB007640F7 /* Sources */ = {
			isa = PBXSourcesBuildPhase;
			buildActionMask = 2147483647;
			files = (
				4D33603027E8C8EB007640F7 /* NOATests.swift in Sources */,
			);
			runOnlyForDeploymentPostprocessing = 0;
		};
		4D33603127E8C8EB007640F7 /* Sources */ = {
			isa = PBXSourcesBuildPhase;
			buildActionMask = 2147483647;
			files = (
				4D33603A27E8C8EB007640F7 /* NOAUITests.swift in Sources */,
				4D33603C27E8C8EB007640F7 /* NOAUITestsLaunchTests.swift in Sources */,
			);
			runOnlyForDeploymentPostprocessing = 0;
		};
/* End PBXSourcesBuildPhase section */

/* Begin PBXTargetDependency section */
		4D33602D27E8C8EB007640F7 /* PBXTargetDependency */ = {
			isa = PBXTargetDependency;
			target = 4D33601127E8C8E9007640F7 /* NOA */;
			targetProxy = 4D33602C27E8C8EB007640F7 /* PBXContainerItemProxy */;
		};
		4D33603727E8C8EB007640F7 /* PBXTargetDependency */ = {
			isa = PBXTargetDependency;
			target = 4D33601127E8C8E9007640F7 /* NOA */;
			targetProxy = 4D33603627E8C8EB007640F7 /* PBXContainerItemProxy */;
		};
/* End PBXTargetDependency section */

/* Begin PBXVariantGroup section */
		4DCCD12C28007EBA0035002A /* Create.storyboard */ = {
			isa = PBXVariantGroup;
			children = (
				4DCCD12D28007EBA0035002A /* Base */,
			);
			name = Create.storyboard;
			sourceTree = "<group>";
		};
		4DCCD138280080F40035002A /* Main.storyboard */ = {
			isa = PBXVariantGroup;
			children = (
				4DCCD139280080F40035002A /* Base */,
			);
			name = Main.storyboard;
			sourceTree = "<group>";
		};
		4DCCD13A280080F40035002A /* Home.storyboard */ = {
			isa = PBXVariantGroup;
			children = (
				4DCCD13B280080F40035002A /* Base */,
			);
			name = Home.storyboard;
			sourceTree = "<group>";
		};
		4DCCD141280081EA0035002A /* Feed.storyboard */ = {
			isa = PBXVariantGroup;
			children = (
				4DCCD142280081EA0035002A /* Base */,
			);
			name = Feed.storyboard;
			sourceTree = "<group>";
		};
/* End PBXVariantGroup section */

/* Begin XCBuildConfiguration section */
		4D33603D27E8C8EB007640F7 /* Debug */ = {
			isa = XCBuildConfiguration;
			buildSettings = {
				ALWAYS_SEARCH_USER_PATHS = NO;
				CLANG_ANALYZER_NONNULL = YES;
				CLANG_ANALYZER_NUMBER_OBJECT_CONVERSION = YES_AGGRESSIVE;
				CLANG_CXX_LANGUAGE_STANDARD = "gnu++17";
				CLANG_CXX_LIBRARY = "libc++";
				CLANG_ENABLE_MODULES = YES;
				CLANG_ENABLE_OBJC_ARC = YES;
				CLANG_ENABLE_OBJC_WEAK = YES;
				CLANG_WARN_BLOCK_CAPTURE_AUTORELEASING = YES;
				CLANG_WARN_BOOL_CONVERSION = YES;
				CLANG_WARN_COMMA = YES;
				CLANG_WARN_CONSTANT_CONVERSION = YES;
				CLANG_WARN_DEPRECATED_OBJC_IMPLEMENTATIONS = YES;
				CLANG_WARN_DIRECT_OBJC_ISA_USAGE = YES_ERROR;
				CLANG_WARN_DOCUMENTATION_COMMENTS = YES;
				CLANG_WARN_EMPTY_BODY = YES;
				CLANG_WARN_ENUM_CONVERSION = YES;
				CLANG_WARN_INFINITE_RECURSION = YES;
				CLANG_WARN_INT_CONVERSION = YES;
				CLANG_WARN_NON_LITERAL_NULL_CONVERSION = YES;
				CLANG_WARN_OBJC_IMPLICIT_RETAIN_SELF = YES;
				CLANG_WARN_OBJC_LITERAL_CONVERSION = YES;
				CLANG_WARN_OBJC_ROOT_CLASS = YES_ERROR;
				CLANG_WARN_QUOTED_INCLUDE_IN_FRAMEWORK_HEADER = YES;
				CLANG_WARN_RANGE_LOOP_ANALYSIS = YES;
				CLANG_WARN_STRICT_PROTOTYPES = YES;
				CLANG_WARN_SUSPICIOUS_MOVE = YES;
				CLANG_WARN_UNGUARDED_AVAILABILITY = YES_AGGRESSIVE;
				CLANG_WARN_UNREACHABLE_CODE = YES;
				CLANG_WARN__DUPLICATE_METHOD_MATCH = YES;
				COPY_PHASE_STRIP = NO;
				DEBUG_INFORMATION_FORMAT = dwarf;
				ENABLE_STRICT_OBJC_MSGSEND = YES;
				ENABLE_TESTABILITY = YES;
				GCC_C_LANGUAGE_STANDARD = gnu11;
				GCC_DYNAMIC_NO_PIC = NO;
				GCC_NO_COMMON_BLOCKS = YES;
				GCC_OPTIMIZATION_LEVEL = 0;
				GCC_PREPROCESSOR_DEFINITIONS = (
					"DEBUG=1",
					"$(inherited)",
				);
				GCC_WARN_64_TO_32_BIT_CONVERSION = YES;
				GCC_WARN_ABOUT_RETURN_TYPE = YES_ERROR;
				GCC_WARN_UNDECLARED_SELECTOR = YES;
				GCC_WARN_UNINITIALIZED_AUTOS = YES_AGGRESSIVE;
				GCC_WARN_UNUSED_FUNCTION = YES;
				GCC_WARN_UNUSED_VARIABLE = YES;
				IPHONEOS_DEPLOYMENT_TARGET = 15.0;
				MTL_ENABLE_DEBUG_INFO = INCLUDE_SOURCE;
				MTL_FAST_MATH = YES;
				ONLY_ACTIVE_ARCH = YES;
				SDKROOT = iphoneos;
				SWIFT_ACTIVE_COMPILATION_CONDITIONS = DEBUG;
				SWIFT_OPTIMIZATION_LEVEL = "-Onone";
			};
			name = Debug;
		};
		4D33603E27E8C8EB007640F7 /* Release */ = {
			isa = XCBuildConfiguration;
			buildSettings = {
				ALWAYS_SEARCH_USER_PATHS = NO;
				CLANG_ANALYZER_NONNULL = YES;
				CLANG_ANALYZER_NUMBER_OBJECT_CONVERSION = YES_AGGRESSIVE;
				CLANG_CXX_LANGUAGE_STANDARD = "gnu++17";
				CLANG_CXX_LIBRARY = "libc++";
				CLANG_ENABLE_MODULES = YES;
				CLANG_ENABLE_OBJC_ARC = YES;
				CLANG_ENABLE_OBJC_WEAK = YES;
				CLANG_WARN_BLOCK_CAPTURE_AUTORELEASING = YES;
				CLANG_WARN_BOOL_CONVERSION = YES;
				CLANG_WARN_COMMA = YES;
				CLANG_WARN_CONSTANT_CONVERSION = YES;
				CLANG_WARN_DEPRECATED_OBJC_IMPLEMENTATIONS = YES;
				CLANG_WARN_DIRECT_OBJC_ISA_USAGE = YES_ERROR;
				CLANG_WARN_DOCUMENTATION_COMMENTS = YES;
				CLANG_WARN_EMPTY_BODY = YES;
				CLANG_WARN_ENUM_CONVERSION = YES;
				CLANG_WARN_INFINITE_RECURSION = YES;
				CLANG_WARN_INT_CONVERSION = YES;
				CLANG_WARN_NON_LITERAL_NULL_CONVERSION = YES;
				CLANG_WARN_OBJC_IMPLICIT_RETAIN_SELF = YES;
				CLANG_WARN_OBJC_LITERAL_CONVERSION = YES;
				CLANG_WARN_OBJC_ROOT_CLASS = YES_ERROR;
				CLANG_WARN_QUOTED_INCLUDE_IN_FRAMEWORK_HEADER = YES;
				CLANG_WARN_RANGE_LOOP_ANALYSIS = YES;
				CLANG_WARN_STRICT_PROTOTYPES = YES;
				CLANG_WARN_SUSPICIOUS_MOVE = YES;
				CLANG_WARN_UNGUARDED_AVAILABILITY = YES_AGGRESSIVE;
				CLANG_WARN_UNREACHABLE_CODE = YES;
				CLANG_WARN__DUPLICATE_METHOD_MATCH = YES;
				COPY_PHASE_STRIP = NO;
				DEBUG_INFORMATION_FORMAT = "dwarf-with-dsym";
				ENABLE_NS_ASSERTIONS = NO;
				ENABLE_STRICT_OBJC_MSGSEND = YES;
				GCC_C_LANGUAGE_STANDARD = gnu11;
				GCC_NO_COMMON_BLOCKS = YES;
				GCC_WARN_64_TO_32_BIT_CONVERSION = YES;
				GCC_WARN_ABOUT_RETURN_TYPE = YES_ERROR;
				GCC_WARN_UNDECLARED_SELECTOR = YES;
				GCC_WARN_UNINITIALIZED_AUTOS = YES_AGGRESSIVE;
				GCC_WARN_UNUSED_FUNCTION = YES;
				GCC_WARN_UNUSED_VARIABLE = YES;
				IPHONEOS_DEPLOYMENT_TARGET = 15.0;
				MTL_ENABLE_DEBUG_INFO = NO;
				MTL_FAST_MATH = YES;
				SDKROOT = iphoneos;
				SWIFT_COMPILATION_MODE = wholemodule;
				SWIFT_OPTIMIZATION_LEVEL = "-O";
				VALIDATE_PRODUCT = YES;
			};
			name = Release;
		};
		4D33604027E8C8EB007640F7 /* Debug */ = {
			isa = XCBuildConfiguration;
			baseConfigurationReference = 3BD9F11EF320F987635E3D00 /* Pods-NOA.debug.xcconfig */;
			buildSettings = {
				ASSETCATALOG_COMPILER_APPICON_NAME = AppIcon;
				ASSETCATALOG_COMPILER_GLOBAL_ACCENT_COLOR_NAME = AccentColor;
				CODE_SIGN_STYLE = Automatic;
				CURRENT_PROJECT_VERSION = 1;
				DEVELOPMENT_TEAM = 2KQLD72485;
				GENERATE_INFOPLIST_FILE = YES;
				INFOPLIST_FILE = NOA/Info.plist;
				INFOPLIST_KEY_UIApplicationSupportsIndirectInputEvents = YES;
				INFOPLIST_KEY_UILaunchStoryboardName = Main;
				INFOPLIST_KEY_UIMainStoryboardFile = Main;
				INFOPLIST_KEY_UISupportedInterfaceOrientations_iPad = "UIInterfaceOrientationPortrait UIInterfaceOrientationPortraitUpsideDown UIInterfaceOrientationLandscapeLeft UIInterfaceOrientationLandscapeRight";
				INFOPLIST_KEY_UISupportedInterfaceOrientations_iPhone = "UIInterfaceOrientationPortrait UIInterfaceOrientationLandscapeLeft UIInterfaceOrientationLandscapeRight";
				IPHONEOS_DEPLOYMENT_TARGET = 13.0;
				LD_RUNPATH_SEARCH_PATHS = (
					"$(inherited)",
					"@executable_path/Frameworks",
				);
				MARKETING_VERSION = 1.0;
				OTHER_LDFLAGS = (
					"$(inherited)",
					"-ObjC",
					"-l\"c++\"",
					"-l\"sqlite3\"",
					"-l\"z\"",
					"-framework",
					"\"CoreTelephony\"",
					"-framework",
					"\"FBLPromises\"",
					"-framework",
					"\"FirebaseAnalytics\"",
					"-framework",
					"\"FirebaseAuth\"",
					"-framework",
					"\"FirebaseCore\"",
					"-framework",
					"\"FirebaseCoreDiagnostics\"",
					"-framework",
					"\"FirebaseFirestore\"",
					"-framework",
					"\"FirebaseInstallations\"",
					"-framework",
					"\"FirebaseMessaging\"",
					"-framework",
					"\"Foundation\"",
					"-framework",
					"\"GTMSessionFetcher\"",
					"-framework",
					"\"GoogleAppMeasurement\"",
					"-framework",
					"\"GoogleAppMeasurementIdentitySupport\"",
					"-framework",
					"\"GoogleDataTransport\"",
					"-framework",
					"\"GoogleUtilities\"",
					"-framework",
					"\"SafariServices\"",
					"-framework",
					"\"Security\"",
					"-framework",
					"\"StoreKit\"",
					"-framework",
					"\"SystemConfiguration\"",
					"-framework",
					"\"UIKit\"",
					"-w",
					"-framework",
					"\"absl\"",
					"-framework",
					"\"grpc\"",
					"-framework",
					"\"grpcpp\"",
					"-framework",
					"\"leveldb\"",
					"-framework",
					"\"nanopb\"",
					"-framework",
					"\"openssl_grpc\"",
					"-weak_framework",
					"\"UserNotifications\"",
				);
				PRODUCT_BUNDLE_IDENTIFIER = "com.wi-seong.NOA";
				PRODUCT_NAME = "$(TARGET_NAME)";
				SWIFT_EMIT_LOC_STRINGS = YES;
				SWIFT_VERSION = 5.0;
				TARGETED_DEVICE_FAMILY = 1;
			};
			name = Debug;
		};
		4D33604127E8C8EB007640F7 /* Release */ = {
			isa = XCBuildConfiguration;
			baseConfigurationReference = 463155DA60952C99D9637A1C /* Pods-NOA.release.xcconfig */;
			buildSettings = {
				ASSETCATALOG_COMPILER_APPICON_NAME = AppIcon;
				ASSETCATALOG_COMPILER_GLOBAL_ACCENT_COLOR_NAME = AccentColor;
				CODE_SIGN_STYLE = Automatic;
				CURRENT_PROJECT_VERSION = 1;
				DEVELOPMENT_TEAM = 2KQLD72485;
				GENERATE_INFOPLIST_FILE = YES;
				INFOPLIST_FILE = NOA/Info.plist;
				INFOPLIST_KEY_UIApplicationSupportsIndirectInputEvents = YES;
				INFOPLIST_KEY_UILaunchStoryboardName = Main;
				INFOPLIST_KEY_UIMainStoryboardFile = Main;
				INFOPLIST_KEY_UISupportedInterfaceOrientations_iPad = "UIInterfaceOrientationPortrait UIInterfaceOrientationPortraitUpsideDown UIInterfaceOrientationLandscapeLeft UIInterfaceOrientationLandscapeRight";
				INFOPLIST_KEY_UISupportedInterfaceOrientations_iPhone = "UIInterfaceOrientationPortrait UIInterfaceOrientationLandscapeLeft UIInterfaceOrientationLandscapeRight";
				IPHONEOS_DEPLOYMENT_TARGET = 13.0;
				LD_RUNPATH_SEARCH_PATHS = (
					"$(inherited)",
					"@executable_path/Frameworks",
				);
				MARKETING_VERSION = 1.0;
				OTHER_LDFLAGS = (
					"$(inherited)",
					"-ObjC",
					"-l\"c++\"",
					"-l\"sqlite3\"",
					"-l\"z\"",
					"-framework",
					"\"CoreTelephony\"",
					"-framework",
					"\"FBLPromises\"",
					"-framework",
					"\"FirebaseAnalytics\"",
					"-framework",
					"\"FirebaseAuth\"",
					"-framework",
					"\"FirebaseCore\"",
					"-framework",
					"\"FirebaseCoreDiagnostics\"",
					"-framework",
					"\"FirebaseFirestore\"",
					"-framework",
					"\"FirebaseInstallations\"",
					"-framework",
					"\"FirebaseMessaging\"",
					"-framework",
					"\"Foundation\"",
					"-framework",
					"\"GTMSessionFetcher\"",
					"-framework",
					"\"GoogleAppMeasurement\"",
					"-framework",
					"\"GoogleAppMeasurementIdentitySupport\"",
					"-framework",
					"\"GoogleDataTransport\"",
					"-framework",
					"\"GoogleUtilities\"",
					"-framework",
					"\"SafariServices\"",
					"-framework",
					"\"Security\"",
					"-framework",
					"\"StoreKit\"",
					"-framework",
					"\"SystemConfiguration\"",
					"-framework",
					"\"UIKit\"",
					"-w",
					"-framework",
					"\"absl\"",
					"-framework",
					"\"grpc\"",
					"-framework",
					"\"grpcpp\"",
					"-framework",
					"\"leveldb\"",
					"-framework",
					"\"nanopb\"",
					"-framework",
					"\"openssl_grpc\"",
					"-weak_framework",
					"\"UserNotifications\"",
				);
				PRODUCT_BUNDLE_IDENTIFIER = "com.wi-seong.NOA";
				PRODUCT_NAME = "$(TARGET_NAME)";
				SWIFT_EMIT_LOC_STRINGS = YES;
				SWIFT_VERSION = 5.0;
				TARGETED_DEVICE_FAMILY = 1;
			};
			name = Release;
		};
		4D33604327E8C8EB007640F7 /* Debug */ = {
			isa = XCBuildConfiguration;
			baseConfigurationReference = 1762555DAB19CE4273F2D84E /* Pods-NOATests.debug.xcconfig */;
			buildSettings = {
				ALWAYS_EMBED_SWIFT_STANDARD_LIBRARIES = YES;
				BUNDLE_LOADER = "$(TEST_HOST)";
				CODE_SIGN_STYLE = Automatic;
				CURRENT_PROJECT_VERSION = 1;
				DEVELOPMENT_TEAM = 2KQLD72485;
				GENERATE_INFOPLIST_FILE = YES;
				IPHONEOS_DEPLOYMENT_TARGET = 15.0;
				LD_RUNPATH_SEARCH_PATHS = (
					"$(inherited)",
					"@executable_path/Frameworks",
					"@loader_path/Frameworks",
				);
				MARKETING_VERSION = 1.0;
				PRODUCT_BUNDLE_IDENTIFIER = "com.wi-seong.NOATests";
				PRODUCT_NAME = "$(TARGET_NAME)";
				SWIFT_EMIT_LOC_STRINGS = NO;
				SWIFT_VERSION = 5.0;
				TARGETED_DEVICE_FAMILY = "1,2";
				TEST_HOST = "$(BUILT_PRODUCTS_DIR)/NOA.app/NOA";
			};
			name = Debug;
		};
		4D33604427E8C8EB007640F7 /* Release */ = {
			isa = XCBuildConfiguration;
			baseConfigurationReference = E3CC7C966B3D14D3E20BFAA5 /* Pods-NOATests.release.xcconfig */;
			buildSettings = {
				ALWAYS_EMBED_SWIFT_STANDARD_LIBRARIES = YES;
				BUNDLE_LOADER = "$(TEST_HOST)";
				CODE_SIGN_STYLE = Automatic;
				CURRENT_PROJECT_VERSION = 1;
				DEVELOPMENT_TEAM = 2KQLD72485;
				GENERATE_INFOPLIST_FILE = YES;
				IPHONEOS_DEPLOYMENT_TARGET = 15.0;
				LD_RUNPATH_SEARCH_PATHS = (
					"$(inherited)",
					"@executable_path/Frameworks",
					"@loader_path/Frameworks",
				);
				MARKETING_VERSION = 1.0;
				PRODUCT_BUNDLE_IDENTIFIER = "com.wi-seong.NOATests";
				PRODUCT_NAME = "$(TARGET_NAME)";
				SWIFT_EMIT_LOC_STRINGS = NO;
				SWIFT_VERSION = 5.0;
				TARGETED_DEVICE_FAMILY = "1,2";
				TEST_HOST = "$(BUILT_PRODUCTS_DIR)/NOA.app/NOA";
			};
			name = Release;
		};
		4D33604627E8C8EB007640F7 /* Debug */ = {
			isa = XCBuildConfiguration;
			baseConfigurationReference = D784DC834A5849DE441B8E9E /* Pods-NOA-NOAUITests.debug.xcconfig */;
			buildSettings = {
				ALWAYS_EMBED_SWIFT_STANDARD_LIBRARIES = YES;
				CODE_SIGN_STYLE = Automatic;
				CURRENT_PROJECT_VERSION = 1;
				DEVELOPMENT_TEAM = 2KQLD72485;
				GENERATE_INFOPLIST_FILE = YES;
				LD_RUNPATH_SEARCH_PATHS = (
					"$(inherited)",
					"@executable_path/Frameworks",
					"@loader_path/Frameworks",
				);
				MARKETING_VERSION = 1.0;
				PRODUCT_BUNDLE_IDENTIFIER = "com.wi-seong.NOAUITests";
				PRODUCT_NAME = "$(TARGET_NAME)";
				SWIFT_EMIT_LOC_STRINGS = NO;
				SWIFT_VERSION = 5.0;
				TARGETED_DEVICE_FAMILY = "1,2";
				TEST_TARGET_NAME = NOA;
			};
			name = Debug;
		};
		4D33604727E8C8EB007640F7 /* Release */ = {
			isa = XCBuildConfiguration;
			baseConfigurationReference = 3DC7554BA6DD1A2D53679242 /* Pods-NOA-NOAUITests.release.xcconfig */;
			buildSettings = {
				ALWAYS_EMBED_SWIFT_STANDARD_LIBRARIES = YES;
				CODE_SIGN_STYLE = Automatic;
				CURRENT_PROJECT_VERSION = 1;
				DEVELOPMENT_TEAM = 2KQLD72485;
				GENERATE_INFOPLIST_FILE = YES;
				LD_RUNPATH_SEARCH_PATHS = (
					"$(inherited)",
					"@executable_path/Frameworks",
					"@loader_path/Frameworks",
				);
				MARKETING_VERSION = 1.0;
				PRODUCT_BUNDLE_IDENTIFIER = "com.wi-seong.NOAUITests";
				PRODUCT_NAME = "$(TARGET_NAME)";
				SWIFT_EMIT_LOC_STRINGS = NO;
				SWIFT_VERSION = 5.0;
				TARGETED_DEVICE_FAMILY = "1,2";
				TEST_TARGET_NAME = NOA;
			};
			name = Release;
		};
/* End XCBuildConfiguration section */

/* Begin XCConfigurationList section */
		4D33600D27E8C8E9007640F7 /* Build configuration list for PBXProject "NOA" */ = {
			isa = XCConfigurationList;
			buildConfigurations = (
				4D33603D27E8C8EB007640F7 /* Debug */,
				4D33603E27E8C8EB007640F7 /* Release */,
			);
			defaultConfigurationIsVisible = 0;
			defaultConfigurationName = Release;
		};
		4D33603F27E8C8EB007640F7 /* Build configuration list for PBXNativeTarget "NOA" */ = {
			isa = XCConfigurationList;
			buildConfigurations = (
				4D33604027E8C8EB007640F7 /* Debug */,
				4D33604127E8C8EB007640F7 /* Release */,
			);
			defaultConfigurationIsVisible = 0;
			defaultConfigurationName = Release;
		};
		4D33604227E8C8EB007640F7 /* Build configuration list for PBXNativeTarget "NOATests" */ = {
			isa = XCConfigurationList;
			buildConfigurations = (
				4D33604327E8C8EB007640F7 /* Debug */,
				4D33604427E8C8EB007640F7 /* Release */,
			);
			defaultConfigurationIsVisible = 0;
			defaultConfigurationName = Release;
		};
		4D33604527E8C8EB007640F7 /* Build configuration list for PBXNativeTarget "NOAUITests" */ = {
			isa = XCConfigurationList;
			buildConfigurations = (
				4D33604627E8C8EB007640F7 /* Debug */,
				4D33604727E8C8EB007640F7 /* Release */,
			);
			defaultConfigurationIsVisible = 0;
			defaultConfigurationName = Release;
		};
/* End XCConfigurationList section */

/* Begin XCVersionGroup section */
		4D33601E27E8C8E9007640F7 /* NOA.xcdatamodeld */ = {
			isa = XCVersionGroup;
			children = (
				4D33601F27E8C8E9007640F7 /* NOA.xcdatamodel */,
			);
			currentVersion = 4D33601F27E8C8E9007640F7 /* NOA.xcdatamodel */;
			path = NOA.xcdatamodeld;
			sourceTree = "<group>";
			versionGroupType = wrapper.xcdatamodel;
		};
/* End XCVersionGroup section */
	};
	rootObject = 4D33600A27E8C8E9007640F7 /* Project object */;
}
